// !$*UTF8*$!
{
	archiveVersion = 1;
	classes = {
	};
	objectVersion = 55;
	objects = {

/* Begin PBXBuildFile section */
		B59B0D3A28192A0A00191F86 /* AppDelegate.swift in Sources */ = {isa = PBXBuildFile; fileRef = B59B0D3928192A0A00191F86 /* AppDelegate.swift */; };
		B59B0D3C28192A0A00191F86 /* SceneDelegate.swift in Sources */ = {isa = PBXBuildFile; fileRef = B59B0D3B28192A0A00191F86 /* SceneDelegate.swift */; };
		B59B0D4128192A0A00191F86 /* Main.storyboard in Resources */ = {isa = PBXBuildFile; fileRef = B59B0D3F28192A0A00191F86 /* Main.storyboard */; };
		B59B0D4328192A0C00191F86 /* Assets.xcassets in Resources */ = {isa = PBXBuildFile; fileRef = B59B0D4228192A0C00191F86 /* Assets.xcassets */; };
		B59B0D4628192A0C00191F86 /* LaunchScreen.storyboard in Resources */ = {isa = PBXBuildFile; fileRef = B59B0D4428192A0C00191F86 /* LaunchScreen.storyboard */; };
		B59B0D542819685E00191F86 /* MainTableViewController.swift in Sources */ = {isa = PBXBuildFile; fileRef = B59B0D532819685E00191F86 /* MainTableViewController.swift */; };
		B59B0D58281968D000191F86 /* NetworkManager.swift in Sources */ = {isa = PBXBuildFile; fileRef = B59B0D57281968D000191F86 /* NetworkManager.swift */; };
		B59B0D5B2819690C00191F86 /* RickAndMorty.swift in Sources */ = {isa = PBXBuildFile; fileRef = B59B0D5A2819690C00191F86 /* RickAndMorty.swift */; };
		B5B7C84A281A6BEA00D0DAD2 /* DetaliTableViewCell.swift in Sources */ = {isa = PBXBuildFile; fileRef = B5B7C849281A6BEA00D0DAD2 /* DetaliTableViewCell.swift */; };
		D9A4BCDD0ED8019E8F50C7D5 /* Pods_Rick_and_Morty.framework in Frameworks */ = {isa = PBXBuildFile; fileRef = 84F1F5C35F378BA375957F42 /* Pods_Rick_and_Morty.framework */; };
/* End PBXBuildFile section */

/* Begin PBXFileReference section */
		84F1F5C35F378BA375957F42 /* Pods_Rick_and_Morty.framework */ = {isa = PBXFileReference; explicitFileType = wrapper.framework; includeInIndex = 0; path = Pods_Rick_and_Morty.framework; sourceTree = BUILT_PRODUCTS_DIR; };
		8FC54D89E58D2754F54151C2 /* Pods-Rick and Morty.debug.xcconfig */ = {isa = PBXFileReference; includeInIndex = 1; lastKnownFileType = text.xcconfig; name = "Pods-Rick and Morty.debug.xcconfig"; path = "Target Support Files/Pods-Rick and Morty/Pods-Rick and Morty.debug.xcconfig"; sourceTree = "<group>"; };
		B59B0D3628192A0A00191F86 /* Rick and Morty.app */ = {isa = PBXFileReference; explicitFileType = wrapper.application; includeInIndex = 0; path = "Rick and Morty.app"; sourceTree = BUILT_PRODUCTS_DIR; };
		B59B0D3928192A0A00191F86 /* AppDelegate.swift */ = {isa = PBXFileReference; lastKnownFileType = sourcecode.swift; path = AppDelegate.swift; sourceTree = "<group>"; };
		B59B0D3B28192A0A00191F86 /* SceneDelegate.swift */ = {isa = PBXFileReference; lastKnownFileType = sourcecode.swift; path = SceneDelegate.swift; sourceTree = "<group>"; };
		B59B0D4028192A0A00191F86 /* Base */ = {isa = PBXFileReference; lastKnownFileType = file.storyboard; name = Base; path = Base.lproj/Main.storyboard; sourceTree = "<group>"; };
		B59B0D4228192A0C00191F86 /* Assets.xcassets */ = {isa = PBXFileReference; lastKnownFileType = folder.assetcatalog; path = Assets.xcassets; sourceTree = "<group>"; };
		B59B0D4528192A0C00191F86 /* Base */ = {isa = PBXFileReference; lastKnownFileType = file.storyboard; name = Base; path = Base.lproj/LaunchScreen.storyboard; sourceTree = "<group>"; };
		B59B0D4728192A0C00191F86 /* Info.plist */ = {isa = PBXFileReference; lastKnownFileType = text.plist.xml; path = Info.plist; sourceTree = "<group>"; };
		B59B0D532819685E00191F86 /* MainTableViewController.swift */ = {isa = PBXFileReference; lastKnownFileType = sourcecode.swift; path = MainTableViewController.swift; sourceTree = "<group>"; };
		B59B0D57281968D000191F86 /* NetworkManager.swift */ = {isa = PBXFileReference; lastKnownFileType = sourcecode.swift; path = NetworkManager.swift; sourceTree = "<group>"; };
		B59B0D5A2819690C00191F86 /* RickAndMorty.swift */ = {isa = PBXFileReference; lastKnownFileType = sourcecode.swift; path = RickAndMorty.swift; sourceTree = "<group>"; };
		B5B7C849281A6BEA00D0DAD2 /* DetaliTableViewCell.swift */ = {isa = PBXFileReference; lastKnownFileType = sourcecode.swift; path = DetaliTableViewCell.swift; sourceTree = "<group>"; };
		E72FE64EEB5CC1F2150611F5 /* Pods-Rick and Morty.release.xcconfig */ = {isa = PBXFileReference; includeInIndex = 1; lastKnownFileType = text.xcconfig; name = "Pods-Rick and Morty.release.xcconfig"; path = "Target Support Files/Pods-Rick and Morty/Pods-Rick and Morty.release.xcconfig"; sourceTree = "<group>"; };
/* End PBXFileReference section */

/* Begin PBXFrameworksBuildPhase section */
		B59B0D3328192A0A00191F86 /* Frameworks */ = {
			isa = PBXFrameworksBuildPhase;
			buildActionMask = 2147483647;
			files = (
				D9A4BCDD0ED8019E8F50C7D5 /* Pods_Rick_and_Morty.framework in Frameworks */,
			);
			runOnlyForDeploymentPostprocessing = 0;
		};
/* End PBXFrameworksBuildPhase section */

/* Begin PBXGroup section */
		4E38EFEEC64383C8BC675B0A /* Pods */ = {
			isa = PBXGroup;
			children = (
				8FC54D89E58D2754F54151C2 /* Pods-Rick and Morty.debug.xcconfig */,
				E72FE64EEB5CC1F2150611F5 /* Pods-Rick and Morty.release.xcconfig */,
			);
			path = Pods;
			sourceTree = "<group>";
		};
		B59B0D2D28192A0A00191F86 = {
			isa = PBXGroup;
			children = (
				B59B0D3828192A0A00191F86 /* Rick and Morty */,
				B59B0D3728192A0A00191F86 /* Products */,
				4E38EFEEC64383C8BC675B0A /* Pods */,
				E5BFDC502C44F5CA54F90ED9 /* Frameworks */,
			);
			sourceTree = "<group>";
		};
		B59B0D3728192A0A00191F86 /* Products */ = {
			isa = PBXGroup;
			children = (
				B59B0D3628192A0A00191F86 /* Rick and Morty.app */,
			);
			name = Products;
			sourceTree = "<group>";
		};
		B59B0D3828192A0A00191F86 /* Rick and Morty */ = {
			isa = PBXGroup;
			children = (
				B59B0D4F281956C500191F86 /* SupportingFiles */,
				B59B0D502819571B00191F86 /* ViewControllers */,
				B59B0D4E281956A800191F86 /* Storyboards */,
				B59B0D4D2819560000191F86 /* Sourse */,
				B59B0D59281968D500191F86 /* Services */,
				B59B0D5C2819691000191F86 /* Models */,
				B5B7C84B281A6BEF00D0DAD2 /* ViewCell */,
			);
			path = "Rick and Morty";
			sourceTree = "<group>";
		};
		B59B0D4D2819560000191F86 /* Sourse */ = {
			isa = PBXGroup;
			children = (
				B59B0D4228192A0C00191F86 /* Assets.xcassets */,
			);
			path = Sourse;
			sourceTree = "<group>";
		};
		B59B0D4E281956A800191F86 /* Storyboards */ = {
			isa = PBXGroup;
			children = (
				B59B0D3F28192A0A00191F86 /* Main.storyboard */,
				B59B0D4428192A0C00191F86 /* LaunchScreen.storyboard */,
			);
			path = Storyboards;
			sourceTree = "<group>";
		};
		B59B0D4F281956C500191F86 /* SupportingFiles */ = {
			isa = PBXGroup;
			children = (
				B59B0D3928192A0A00191F86 /* AppDelegate.swift */,
				B59B0D3B28192A0A00191F86 /* SceneDelegate.swift */,
				B59B0D4728192A0C00191F86 /* Info.plist */,
			);
			path = SupportingFiles;
			sourceTree = "<group>";
		};
		B59B0D502819571B00191F86 /* ViewControllers */ = {
			isa = PBXGroup;
			children = (
				B59B0D532819685E00191F86 /* MainTableViewController.swift */,
			);
			path = ViewControllers;
			sourceTree = "<group>";
		};
		B59B0D59281968D500191F86 /* Services */ = {
			isa = PBXGroup;
			children = (
				B59B0D57281968D000191F86 /* NetworkManager.swift */,
			);
			path = Services;
			sourceTree = "<group>";
		};
		B59B0D5C2819691000191F86 /* Models */ = {
			isa = PBXGroup;
			children = (
				B59B0D5A2819690C00191F86 /* RickAndMorty.swift */,
			);
			path = Models;
			sourceTree = "<group>";
		};
		B5B7C84B281A6BEF00D0DAD2 /* ViewCell */ = {
			isa = PBXGroup;
			children = (
				B5B7C849281A6BEA00D0DAD2 /* DetaliTableViewCell.swift */,
			);
			path = ViewCell;
			sourceTree = "<group>";
		};
		E5BFDC502C44F5CA54F90ED9 /* Frameworks */ = {
			isa = PBXGroup;
			children = (
				84F1F5C35F378BA375957F42 /* Pods_Rick_and_Morty.framework */,
			);
			name = Frameworks;
			sourceTree = "<group>";
		};
/* End PBXGroup section */

/* Begin PBXNativeTarget section */
		B59B0D3528192A0A00191F86 /* Rick and Morty */ = {
			isa = PBXNativeTarget;
			buildConfigurationList = B59B0D4A28192A0C00191F86 /* Build configuration list for PBXNativeTarget "Rick and Morty" */;
			buildPhases = (
				51327A3542A40CE36D258AEA /* [CP] Check Pods Manifest.lock */,
				B59B0D3228192A0A00191F86 /* Sources */,
				B59B0D3328192A0A00191F86 /* Frameworks */,
				B59B0D3428192A0A00191F86 /* Resources */,
				417B5877644A441B3025857C /* [CP] Embed Pods Frameworks */,
			);
			buildRules = (
			);
			dependencies = (
			);
			name = "Rick and Morty";
			productName = "Rick and Morty";
			productReference = B59B0D3628192A0A00191F86 /* Rick and Morty.app */;
			productType = "com.apple.product-type.application";
		};
/* End PBXNativeTarget section */

/* Begin PBXProject section */
		B59B0D2E28192A0A00191F86 /* Project object */ = {
			isa = PBXProject;
			attributes = {
				BuildIndependentTargetsInParallel = 1;
				LastSwiftUpdateCheck = 1320;
				LastUpgradeCheck = 1320;
				TargetAttributes = {
					B59B0D3528192A0A00191F86 = {
						CreatedOnToolsVersion = 13.2.1;
					};
				};
			};
			buildConfigurationList = B59B0D3128192A0A00191F86 /* Build configuration list for PBXProject "Rick and Morty" */;
			compatibilityVersion = "Xcode 13.0";
			developmentRegion = en;
			hasScannedForEncodings = 0;
			knownRegions = (
				en,
				Base,
			);
			mainGroup = B59B0D2D28192A0A00191F86;
			productRefGroup = B59B0D3728192A0A00191F86 /* Products */;
			projectDirPath = "";
			projectRoot = "";
			targets = (
				B59B0D3528192A0A00191F86 /* Rick and Morty */,
			);
		};
/* End PBXProject section */

/* Begin PBXResourcesBuildPhase section */
		B59B0D3428192A0A00191F86 /* Resources */ = {
			isa = PBXResourcesBuildPhase;
			buildActionMask = 2147483647;
			files = (
				B59B0D4628192A0C00191F86 /* LaunchScreen.storyboard in Resources */,
				B59B0D4328192A0C00191F86 /* Assets.xcassets in Resources */,
				B59B0D4128192A0A00191F86 /* Main.storyboard in Resources */,
			);
			runOnlyForDeploymentPostprocessing = 0;
		};
/* End PBXResourcesBuildPhase section */

/* Begin PBXShellScriptBuildPhase section */
		417B5877644A441B3025857C /* [CP] Embed Pods Frameworks */ = {
			isa = PBXShellScriptBuildPhase;
			buildActionMask = 2147483647;
			files = (
			);
			inputFileListPaths = (
				"${PODS_ROOT}/Target Support Files/Pods-Rick and Morty/Pods-Rick and Morty-frameworks-${CONFIGURATION}-input-files.xcfilelist",
			);
			name = "[CP] Embed Pods Frameworks";
			outputFileListPaths = (
				"${PODS_ROOT}/Target Support Files/Pods-Rick and Morty/Pods-Rick and Morty-frameworks-${CONFIGURATION}-output-files.xcfilelist",
			);
			runOnlyForDeploymentPostprocessing = 0;
			shellPath = /bin/sh;
			shellScript = "\"${PODS_ROOT}/Target Support Files/Pods-Rick and Morty/Pods-Rick and Morty-frameworks.sh\"\n";
			showEnvVarsInLog = 0;
		};
		51327A3542A40CE36D258AEA /* [CP] Check Pods Manifest.lock */ = {
			isa = PBXShellScriptBuildPhase;
			buildActionMask = 2147483647;
			files = (
			);
			inputFileListPaths = (
			);
			inputPaths = (
				"${PODS_PODFILE_DIR_PATH}/Podfile.lock",
				"${PODS_ROOT}/Manifest.lock",
			);
			name = "[CP] Check Pods Manifest.lock";
			outputFileListPaths = (
			);
			outputPaths = (
				"$(DERIVED_FILE_DIR)/Pods-Rick and Morty-checkManifestLockResult.txt",
			);
			runOnlyForDeploymentPostprocessing = 0;
			shellPath = /bin/sh;
			shellScript = "diff \"${PODS_PODFILE_DIR_PATH}/Podfile.lock\" \"${PODS_ROOT}/Manifest.lock\" > /dev/null\nif [ $? != 0 ] ; then\n    # print error to STDERR\n    echo \"error: The sandbox is not in sync with the Podfile.lock. Run 'pod install' or update your CocoaPods installation.\" >&2\n    exit 1\nfi\n# This output is used by Xcode 'outputs' to avoid re-running this script phase.\necho \"SUCCESS\" > \"${SCRIPT_OUTPUT_FILE_0}\"\n";
			showEnvVarsInLog = 0;
		};
/* End PBXShellScriptBuildPhase section */

/* Begin PBXSourcesBuildPhase section */
		B59B0D3228192A0A00191F86 /* Sources */ = {
			isa = PBXSourcesBuildPhase;
			buildActionMask = 2147483647;
			files = (
				B5B7C84A281A6BEA00D0DAD2 /* DetaliTableViewCell.swift in Sources */,
				B59B0D5B2819690C00191F86 /* RickAndMorty.swift in Sources */,
				B59B0D542819685E00191F86 /* MainTableViewController.swift in Sources */,
				B59B0D58281968D000191F86 /* NetworkManager.swift in Sources */,
				B59B0D3A28192A0A00191F86 /* AppDelegate.swift in Sources */,
				B59B0D3C28192A0A00191F86 /* SceneDelegate.swift in Sources */,
			);
			runOnlyForDeploymentPostprocessing = 0;
		};
/* End PBXSourcesBuildPhase section */

/* Begin PBXVariantGroup section */
		B59B0D3F28192A0A00191F86 /* Main.storyboard */ = {
			isa = PBXVariantGroup;
			children = (
				B59B0D4028192A0A00191F86 /* Base */,
			);
			name = Main.storyboard;
			sourceTree = "<group>";
		};
		B59B0D4428192A0C00191F86 /* LaunchScreen.storyboard */ = {
			isa = PBXVariantGroup;
			children = (
				B59B0D4528192A0C00191F86 /* Base */,
			);
			name = LaunchScreen.storyboard;
			sourceTree = "<group>";
		};
/* End PBXVariantGroup section */

/* Begin XCBuildConfiguration section */
		B59B0D4828192A0C00191F86 /* Debug */ = {
			isa = XCBuildConfiguration;
			buildSettings = {
				ALWAYS_SEARCH_USER_PATHS = NO;
				CLANG_ANALYZER_NONNULL = YES;
				CLANG_ANALYZER_NUMBER_OBJECT_CONVERSION = YES_AGGRESSIVE;
				CLANG_CXX_LANGUAGE_STANDARD = "gnu++17";
				CLANG_CXX_LIBRARY = "libc++";
				CLANG_ENABLE_MODULES = YES;
				CLANG_ENABLE_OBJC_ARC = YES;
				CLANG_ENABLE_OBJC_WEAK = YES;
				CLANG_WARN_BLOCK_CAPTURE_AUTORELEASING = YES;
				CLANG_WARN_BOOL_CONVERSION = YES;
				CLANG_WARN_COMMA = YES;
				CLANG_WARN_CONSTANT_CONVERSION = YES;
				CLANG_WARN_DEPRECATED_OBJC_IMPLEMENTATIONS = YES;
				CLANG_WARN_DIRECT_OBJC_ISA_USAGE = YES_ERROR;
				CLANG_WARN_DOCUMENTATION_COMMENTS = YES;
				CLANG_WARN_EMPTY_BODY = YES;
				CLANG_WARN_ENUM_CONVERSION = YES;
				CLANG_WARN_INFINITE_RECURSION = YES;
				CLANG_WARN_INT_CONVERSION = YES;
				CLANG_WARN_NON_LITERAL_NULL_CONVERSION = YES;
				CLANG_WARN_OBJC_IMPLICIT_RETAIN_SELF = YES;
				CLANG_WARN_OBJC_LITERAL_CONVERSION = YES;
				CLANG_WARN_OBJC_ROOT_CLASS = YES_ERROR;
				CLANG_WARN_QUOTED_INCLUDE_IN_FRAMEWORK_HEADER = YES;
				CLANG_WARN_RANGE_LOOP_ANALYSIS = YES;
				CLANG_WARN_STRICT_PROTOTYPES = YES;
				CLANG_WARN_SUSPICIOUS_MOVE = YES;
				CLANG_WARN_UNGUARDED_AVAILABILITY = YES_AGGRESSIVE;
				CLANG_WARN_UNREACHABLE_CODE = YES;
				CLANG_WARN__DUPLICATE_METHOD_MATCH = YES;
				COPY_PHASE_STRIP = NO;
				DEBUG_INFORMATION_FORMAT = dwarf;
				ENABLE_STRICT_OBJC_MSGSEND = YES;
				ENABLE_TESTABILITY = YES;
				GCC_C_LANGUAGE_STANDARD = gnu11;
				GCC_DYNAMIC_NO_PIC = NO;
				GCC_NO_COMMON_BLOCKS = YES;
				GCC_OPTIMIZATION_LEVEL = 0;
				GCC_PREPROCESSOR_DEFINITIONS = (
					"DEBUG=1",
					"$(inherited)",
				);
				GCC_WARN_64_TO_32_BIT_CONVERSION = YES;
				GCC_WARN_ABOUT_RETURN_TYPE = YES_ERROR;
				GCC_WARN_UNDECLARED_SELECTOR = YES;
				GCC_WARN_UNINITIALIZED_AUTOS = YES_AGGRESSIVE;
				GCC_WARN_UNUSED_FUNCTION = YES;
				GCC_WARN_UNUSED_VARIABLE = YES;
				IPHONEOS_DEPLOYMENT_TARGET = 15.2;
				MTL_ENABLE_DEBUG_INFO = INCLUDE_SOURCE;
				MTL_FAST_MATH = YES;
				ONLY_ACTIVE_ARCH = YES;
				SDKROOT = iphoneos;
				SWIFT_ACTIVE_COMPILATION_CONDITIONS = DEBUG;
				SWIFT_OPTIMIZATION_LEVEL = "-Onone";
			};
			name = Debug;
		};
		B59B0D4928192A0C00191F86 /* Release */ = {
			isa = XCBuildConfiguration;
			buildSettings = {
				ALWAYS_SEARCH_USER_PATHS = NO;
				CLANG_ANALYZER_NONNULL = YES;
				CLANG_ANALYZER_NUMBER_OBJECT_CONVERSION = YES_AGGRESSIVE;
				CLANG_CXX_LANGUAGE_STANDARD = "gnu++17";
				CLANG_CXX_LIBRARY = "libc++";
				CLANG_ENABLE_MODULES = YES;
				CLANG_ENABLE_OBJC_ARC = YES;
				CLANG_ENABLE_OBJC_WEAK = YES;
				CLANG_WARN_BLOCK_CAPTURE_AUTORELEASING = YES;
				CLANG_WARN_BOOL_CONVERSION = YES;
				CLANG_WARN_COMMA = YES;
				CLANG_WARN_CONSTANT_CONVERSION = YES;
				CLANG_WARN_DEPRECATED_OBJC_IMPLEMENTATIONS = YES;
				CLANG_WARN_DIRECT_OBJC_ISA_USAGE = YES_ERROR;
				CLANG_WARN_DOCUMENTATION_COMMENTS = YES;
				CLANG_WARN_EMPTY_BODY = YES;
				CLANG_WARN_ENUM_CONVERSION = YES;
				CLANG_WARN_INFINITE_RECURSION = YES;
				CLANG_WARN_INT_CONVERSION = YES;
				CLANG_WARN_NON_LITERAL_NULL_CONVERSION = YES;
				CLANG_WARN_OBJC_IMPLICIT_RETAIN_SELF = YES;
				CLANG_WARN_OBJC_LITERAL_CONVERSION = YES;
				CLANG_WARN_OBJC_ROOT_CLASS = YES_ERROR;
				CLANG_WARN_QUOTED_INCLUDE_IN_FRAMEWORK_HEADER = YES;
				CLANG_WARN_RANGE_LOOP_ANALYSIS = YES;
				CLANG_WARN_STRICT_PROTOTYPES = YES;
				CLANG_WARN_SUSPICIOUS_MOVE = YES;
				CLANG_WARN_UNGUARDED_AVAILABILITY = YES_AGGRESSIVE;
				CLANG_WARN_UNREACHABLE_CODE = YES;
				CLANG_WARN__DUPLICATE_METHOD_MATCH = YES;
				COPY_PHASE_STRIP = NO;
				DEBUG_INFORMATION_FORMAT = "dwarf-with-dsym";
				ENABLE_NS_ASSERTIONS = NO;
				ENABLE_STRICT_OBJC_MSGSEND = YES;
				GCC_C_LANGUAGE_STANDARD = gnu11;
				GCC_NO_COMMON_BLOCKS = YES;
				GCC_WARN_64_TO_32_BIT_CONVERSION = YES;
				GCC_WARN_ABOUT_RETURN_TYPE = YES_ERROR;
				GCC_WARN_UNDECLARED_SELECTOR = YES;
				GCC_WARN_UNINITIALIZED_AUTOS = YES_AGGRESSIVE;
				GCC_WARN_UNUSED_FUNCTION = YES;
				GCC_WARN_UNUSED_VARIABLE = YES;
				IPHONEOS_DEPLOYMENT_TARGET = 15.2;
				MTL_ENABLE_DEBUG_INFO = NO;
				MTL_FAST_MATH = YES;
				SDKROOT = iphoneos;
				SWIFT_COMPILATION_MODE = wholemodule;
				SWIFT_OPTIMIZATION_LEVEL = "-O";
				VALIDATE_PRODUCT = YES;
			};
			name = Release;
		};
		B59B0D4B28192A0C00191F86 /* Debug */ = {
			isa = XCBuildConfiguration;
			baseConfigurationReference = 8FC54D89E58D2754F54151C2 /* Pods-Rick and Morty.debug.xcconfig */;
			buildSettings = {
				ASSETCATALOG_COMPILER_APPICON_NAME = AppIcon;
				ASSETCATALOG_COMPILER_GLOBAL_ACCENT_COLOR_NAME = AccentColor;
				CODE_SIGN_STYLE = Automatic;
				CURRENT_PROJECT_VERSION = 1;
				DEVELOPMENT_TEAM = GQU4PC2XPJ;
				GENERATE_INFOPLIST_FILE = YES;
				INFOPLIST_FILE = "Rick and Morty/SupportingFiles/Info.plist";
				INFOPLIST_KEY_UIApplicationSupportsIndirectInputEvents = YES;
				INFOPLIST_KEY_UILaunchStoryboardName = LaunchScreen;
				INFOPLIST_KEY_UIMainStoryboardFile = Main;
				INFOPLIST_KEY_UISupportedInterfaceOrientations_iPad = "UIInterfaceOrientationPortrait UIInterfaceOrientationPortraitUpsideDown UIInterfaceOrientationLandscapeLeft UIInterfaceOrientationLandscapeRight";
				INFOPLIST_KEY_UISupportedInterfaceOrientations_iPhone = "UIInterfaceOrientationPortrait UIInterfaceOrientationLandscapeLeft UIInterfaceOrientationLandscapeRight";
				LD_RUNPATH_SEARCH_PATHS = (
					"$(inherited)",
					"@executable_path/Frameworks",
				);
				MARKETING_VERSION = 1.0;
				PRODUCT_BUNDLE_IDENTIFIER = "IOS-Maksim.Rick-and-Morty";
				PRODUCT_NAME = "$(TARGET_NAME)";
				SWIFT_EMIT_LOC_STRINGS = YES;
				SWIFT_VERSION = 5.0;
				TARGETED_DEVICE_FAMILY = "1,2";
			};
			name = Debug;
		};
		B59B0D4C28192A0C00191F86 /* Release */ = {
			isa = XCBuildConfiguration;
			baseConfigurationReference = E72FE64EEB5CC1F2150611F5 /* Pods-Rick and Morty.release.xcconfig */;
			buildSettings = {
				ASSETCATALOG_COMPILER_APPICON_NAME = AppIcon;
				ASSETCATALOG_COMPILER_GLOBAL_ACCENT_COLOR_NAME = AccentColor;
				CODE_SIGN_STYLE = Automatic;
				CURRENT_PROJECT_VERSION = 1;
				DEVELOPMENT_TEAM = GQU4PC2XPJ;
				GENERATE_INFOPLIST_FILE = YES;
				INFOPLIST_FILE = "Rick and Morty/SupportingFiles/Info.plist";
				INFOPLIST_KEY_UIApplicationSupportsIndirectInputEvents = YES;
				INFOPLIST_KEY_UILaunchStoryboardName = LaunchScreen;
				INFOPLIST_KEY_UIMainStoryboardFile = Main;
				INFOPLIST_KEY_UISupportedInterfaceOrientations_iPad = "UIInterfaceOrientationPortrait UIInterfaceOrientationPortraitUpsideDown UIInterfaceOrientationLandscapeLeft UIInterfaceOrientationLandscapeRight";
				INFOPLIST_KEY_UISupportedInterfaceOrientations_iPhone = "UIInterfaceOrientationPortrait UIInterfaceOrientationLandscapeLeft UIInterfaceOrientationLandscapeRight";
				LD_RUNPATH_SEARCH_PATHS = (
					"$(inherited)",
					"@executable_path/Frameworks",
				);
				MARKETING_VERSION = 1.0;
				PRODUCT_BUNDLE_IDENTIFIER = "IOS-Maksim.Rick-and-Morty";
				PRODUCT_NAME = "$(TARGET_NAME)";
				SWIFT_EMIT_LOC_STRINGS = YES;
				SWIFT_VERSION = 5.0;
				TARGETED_DEVICE_FAMILY = "1,2";
			};
			name = Release;
		};
/* End XCBuildConfiguration section */

/* Begin XCConfigurationList section */
		B59B0D3128192A0A00191F86 /* Build configuration list for PBXProject "Rick and Morty" */ = {
			isa = XCConfigurationList;
			buildConfigurations = (
				B59B0D4828192A0C00191F86 /* Debug */,
				B59B0D4928192A0C00191F86 /* Release */,
			);
			defaultConfigurationIsVisible = 0;
			defaultConfigurationName = Release;
		};
		B59B0D4A28192A0C00191F86 /* Build configuration list for PBXNativeTarget "Rick and Morty" */ = {
			isa = XCConfigurationList;
			buildConfigurations = (
				B59B0D4B28192A0C00191F86 /* Debug */,
				B59B0D4C28192A0C00191F86 /* Release */,
			);
			defaultConfigurationIsVisible = 0;
			defaultConfigurationName = Release;
		};
/* End XCConfigurationList section */
	};
	rootObject = B59B0D2E28192A0A00191F86 /* Project object */;
}
